
Microsoft Visual Studio Solution File, Format Version 12.00
# Visual Studio Version 17
VisualStudioVersion = 17.6.33927.249
MinimumVisualStudioVersion = 10.0.40219.1
Project("{FAE04EC0-301F-11D3-BF4B-00C04F79EFBC}") = "MusicListFinal", "MusicListFinal\MusicListFinal.csproj", "{C2BBE474-6202-4797-BFB7-56347CA0E5A0}"
EndProject
Global
	GlobalSection(SolutionConfigurationPlatforms) = preSolution
		Debug|Any CPU = Debug|Any CPU
		Release|Any CPU = Release|Any CPU
	EndGlobalSection
	GlobalSection(ProjectConfigurationPlatforms) = postSolution
		{C2BBE474-6202-4797-BFB7-56347CA0E5A0}.Debug|Any CPU.ActiveCfg = Debug|Any CPU
		{C2BBE474-6202-4797-BFB7-56347CA0E5A0}.Debug|Any CPU.Build.0 = Debug|Any CPU
		{C2BBE474-6202-4797-BFB7-56347CA0E5A0}.Release|Any CPU.ActiveCfg = Release|Any CPU
		{C2BBE474-6202-4797-BFB7-56347CA0E5A0}.Release|Any CPU.Build.0 = Release|Any CPU
	EndGlobalSection
	GlobalSection(SolutionProperties) = preSolution
		HideSolutionNode = FALSE
	EndGlobalSection
	GlobalSection(ExtensibilityGlobals) = postSolution
		SolutionGuid = {DE7DFD68-4418-49F7-8E57-E574042AF927}
	EndGlobalSection
EndGlobal
